// !$*UTF8*$!
{
	archiveVersion = 1;
	classes = {
	};
	objectVersion = 50;
	objects = {

/* Begin PBXBuildFile section */
		A6A76BFC23D90F91008DD1A0 /* UIResponder_Extension.swift in Sources */ = {isa = PBXBuildFile; fileRef = A6A76BFB23D90F91008DD1A0 /* UIResponder_Extension.swift */; };
		A6BD94C123C5E174000142A5 /* AppDelegate.swift in Sources */ = {isa = PBXBuildFile; fileRef = A6BD94C023C5E174000142A5 /* AppDelegate.swift */; };
		A6BD94C323C5E174000142A5 /* SceneDelegate.swift in Sources */ = {isa = PBXBuildFile; fileRef = A6BD94C223C5E174000142A5 /* SceneDelegate.swift */; };
		A6BD94C523C5E174000142A5 /* ContentView.swift in Sources */ = {isa = PBXBuildFile; fileRef = A6BD94C423C5E174000142A5 /* ContentView.swift */; };
		A6BD94C723C5E176000142A5 /* Assets.xcassets in Resources */ = {isa = PBXBuildFile; fileRef = A6BD94C623C5E176000142A5 /* Assets.xcassets */; };
		A6BD94CA23C5E176000142A5 /* Preview Assets.xcassets in Resources */ = {isa = PBXBuildFile; fileRef = A6BD94C923C5E176000142A5 /* Preview Assets.xcassets */; };
		A6BD94CD23C5E176000142A5 /* LaunchScreen.storyboard in Resources */ = {isa = PBXBuildFile; fileRef = A6BD94CB23C5E176000142A5 /* LaunchScreen.storyboard */; };
		A6BD94E123C5E269000142A5 /* NormalTextField.swift in Sources */ = {isa = PBXBuildFile; fileRef = A6BD94E023C5E269000142A5 /* NormalTextField.swift */; };
		A6BD94E323C5E2A7000142A5 /* PrimaryButton.swift in Sources */ = {isa = PBXBuildFile; fileRef = A6BD94E223C5E2A7000142A5 /* PrimaryButton.swift */; };
		A6BD94E823C5E574000142A5 /* KeyboardHandler.swift in Sources */ = {isa = PBXBuildFile; fileRef = A6BD94E423C5E574000142A5 /* KeyboardHandler.swift */; };
		A6BD94E923C5E574000142A5 /* KeyboardAvoider.swift in Sources */ = {isa = PBXBuildFile; fileRef = A6BD94E523C5E574000142A5 /* KeyboardAvoider.swift */; };
		A6BD94EB23C5E574000142A5 /* KeyboardAvoiderModifier.swift in Sources */ = {isa = PBXBuildFile; fileRef = A6BD94E723C5E574000142A5 /* KeyboardAvoiderModifier.swift */; };
/* End PBXBuildFile section */

/* Begin PBXFileReference section */
		A6A76BFB23D90F91008DD1A0 /* UIResponder_Extension.swift */ = {isa = PBXFileReference; fileEncoding = 4; lastKnownFileType = sourcecode.swift; name = UIResponder_Extension.swift; path = ../../Sources/KeyboardAvoider/UIResponder_Extension.swift; sourceTree = "<group>"; };
		A6BD94BD23C5E174000142A5 /* KeyboardAvoider-Example.app */ = {isa = PBXFileReference; explicitFileType = wrapper.application; includeInIndex = 0; path = "KeyboardAvoider-Example.app"; sourceTree = BUILT_PRODUCTS_DIR; };
		A6BD94C023C5E174000142A5 /* AppDelegate.swift */ = {isa = PBXFileReference; lastKnownFileType = sourcecode.swift; path = AppDelegate.swift; sourceTree = "<group>"; };
		A6BD94C223C5E174000142A5 /* SceneDelegate.swift */ = {isa = PBXFileReference; lastKnownFileType = sourcecode.swift; path = SceneDelegate.swift; sourceTree = "<group>"; };
		A6BD94C423C5E174000142A5 /* ContentView.swift */ = {isa = PBXFileReference; lastKnownFileType = sourcecode.swift; path = ContentView.swift; sourceTree = "<group>"; };
		A6BD94C623C5E176000142A5 /* Assets.xcassets */ = {isa = PBXFileReference; lastKnownFileType = folder.assetcatalog; path = Assets.xcassets; sourceTree = "<group>"; };
		A6BD94C923C5E176000142A5 /* Preview Assets.xcassets */ = {isa = PBXFileReference; lastKnownFileType = folder.assetcatalog; path = "Preview Assets.xcassets"; sourceTree = "<group>"; };
		A6BD94CC23C5E176000142A5 /* Base */ = {isa = PBXFileReference; lastKnownFileType = file.storyboard; name = Base; path = Base.lproj/LaunchScreen.storyboard; sourceTree = "<group>"; };
		A6BD94CE23C5E176000142A5 /* Info.plist */ = {isa = PBXFileReference; lastKnownFileType = text.plist.xml; path = Info.plist; sourceTree = "<group>"; };
		A6BD94E023C5E269000142A5 /* NormalTextField.swift */ = {isa = PBXFileReference; lastKnownFileType = sourcecode.swift; path = NormalTextField.swift; sourceTree = "<group>"; };
		A6BD94E223C5E2A7000142A5 /* PrimaryButton.swift */ = {isa = PBXFileReference; lastKnownFileType = sourcecode.swift; path = PrimaryButton.swift; sourceTree = "<group>"; };
		A6BD94E423C5E574000142A5 /* KeyboardHandler.swift */ = {isa = PBXFileReference; fileEncoding = 4; lastKnownFileType = sourcecode.swift; name = KeyboardHandler.swift; path = ../../Sources/KeyboardAvoider/KeyboardHandler.swift; sourceTree = "<group>"; };
		A6BD94E523C5E574000142A5 /* KeyboardAvoider.swift */ = {isa = PBXFileReference; fileEncoding = 4; lastKnownFileType = sourcecode.swift; name = KeyboardAvoider.swift; path = ../../Sources/KeyboardAvoider/KeyboardAvoider.swift; sourceTree = "<group>"; };
		A6BD94E723C5E574000142A5 /* KeyboardAvoiderModifier.swift */ = {isa = PBXFileReference; fileEncoding = 4; lastKnownFileType = sourcecode.swift; name = KeyboardAvoiderModifier.swift; path = ../../Sources/KeyboardAvoider/KeyboardAvoiderModifier.swift; sourceTree = "<group>"; };
/* End PBXFileReference section */

/* Begin PBXFrameworksBuildPhase section */
		A6BD94BA23C5E174000142A5 /* Frameworks */ = {
			isa = PBXFrameworksBuildPhase;
			buildActionMask = 2147483647;
			files = (
			);
			runOnlyForDeploymentPostprocessing = 0;
		};
/* End PBXFrameworksBuildPhase section */

/* Begin PBXGroup section */
		A6BD94B423C5E174000142A5 = {
			isa = PBXGroup;
			children = (
				A6BD94BF23C5E174000142A5 /* KeyboardAvoider-Example */,
				A6BD94BE23C5E174000142A5 /* Products */,
			);
			sourceTree = "<group>";
		};
		A6BD94BE23C5E174000142A5 /* Products */ = {
			isa = PBXGroup;
			children = (
				A6BD94BD23C5E174000142A5 /* KeyboardAvoider-Example.app */,
			);
			name = Products;
			sourceTree = "<group>";
		};
		A6BD94BF23C5E174000142A5 /* KeyboardAvoider-Example */ = {
			isa = PBXGroup;
			children = (
				A6BD94DF23C5E258000142A5 /* Views */,
				A6BD94DE23C5E1C8000142A5 /* Sources */,
				A6BD94C023C5E174000142A5 /* AppDelegate.swift */,
				A6BD94C223C5E174000142A5 /* SceneDelegate.swift */,
				A6BD94C423C5E174000142A5 /* ContentView.swift */,
				A6BD94C623C5E176000142A5 /* Assets.xcassets */,
				A6BD94CB23C5E176000142A5 /* LaunchScreen.storyboard */,
				A6BD94CE23C5E176000142A5 /* Info.plist */,
				A6BD94C823C5E176000142A5 /* Preview Content */,
			);
			path = "KeyboardAvoider-Example";
			sourceTree = "<group>";
		};
		A6BD94C823C5E176000142A5 /* Preview Content */ = {
			isa = PBXGroup;
			children = (
				A6BD94C923C5E176000142A5 /* Preview Assets.xcassets */,
			);
			path = "Preview Content";
			sourceTree = "<group>";
		};
		A6BD94DE23C5E1C8000142A5 /* Sources */ = {
			isa = PBXGroup;
			children = (
				A6A76BFB23D90F91008DD1A0 /* UIResponder_Extension.swift */,
				A6BD94E523C5E574000142A5 /* KeyboardAvoider.swift */,
				A6BD94E723C5E574000142A5 /* KeyboardAvoiderModifier.swift */,
				A6BD94E423C5E574000142A5 /* KeyboardHandler.swift */,
			);
			name = Sources;
			path = ../Sources/KeyboardAvoider;
			sourceTree = SOURCE_ROOT;
		};
		A6BD94DF23C5E258000142A5 /* Views */ = {
			isa = PBXGroup;
			children = (
				A6BD94E023C5E269000142A5 /* NormalTextField.swift */,
				A6BD94E223C5E2A7000142A5 /* PrimaryButton.swift */,
			);
			path = Views;
			sourceTree = "<group>";
		};
/* End PBXGroup section */

/* Begin PBXNativeTarget section */
		A6BD94BC23C5E174000142A5 /* KeyboardAvoider-Example */ = {
			isa = PBXNativeTarget;
			buildConfigurationList = A6BD94D123C5E176000142A5 /* Build configuration list for PBXNativeTarget "KeyboardAvoider-Example" */;
			buildPhases = (
				A6BD94B923C5E174000142A5 /* Sources */,
				A6BD94BA23C5E174000142A5 /* Frameworks */,
				A6BD94BB23C5E174000142A5 /* Resources */,
			);
			buildRules = (
			);
			dependencies = (
			);
			name = "KeyboardAvoider-Example";
			productName = "KeyboardAvoider-Example";
			productReference = A6BD94BD23C5E174000142A5 /* KeyboardAvoider-Example.app */;
			productType = "com.apple.product-type.application";
		};
/* End PBXNativeTarget section */

/* Begin PBXProject section */
		A6BD94B523C5E174000142A5 /* Project object */ = {
			isa = PBXProject;
			attributes = {
				LastSwiftUpdateCheck = 1130;
				LastUpgradeCheck = 1130;
				ORGANIZATIONNAME = "Michael Henry Pantaleon";
				TargetAttributes = {
					A6BD94BC23C5E174000142A5 = {
						CreatedOnToolsVersion = 11.3;
					};
				};
			};
			buildConfigurationList = A6BD94B823C5E174000142A5 /* Build configuration list for PBXProject "KeyboardAvoider-Example" */;
			compatibilityVersion = "Xcode 9.3";
			developmentRegion = en;
			hasScannedForEncodings = 0;
			knownRegions = (
				en,
				Base,
			);
			mainGroup = A6BD94B423C5E174000142A5;
			productRefGroup = A6BD94BE23C5E174000142A5 /* Products */;
			projectDirPath = "";
			projectRoot = "";
			targets = (
				A6BD94BC23C5E174000142A5 /* KeyboardAvoider-Example */,
			);
		};
/* End PBXProject section */

/* Begin PBXResourcesBuildPhase section */
		A6BD94BB23C5E174000142A5 /* Resources */ = {
			isa = PBXResourcesBuildPhase;
			buildActionMask = 2147483647;
			files = (
				A6BD94CD23C5E176000142A5 /* LaunchScreen.storyboard in Resources */,
				A6BD94CA23C5E176000142A5 /* Preview Assets.xcassets in Resources */,
				A6BD94C723C5E176000142A5 /* Assets.xcassets in Resources */,
			);
			runOnlyForDeploymentPostprocessing = 0;
		};
/* End PBXResourcesBuildPhase section */

/* Begin PBXSourcesBuildPhase section */
		A6BD94B923C5E174000142A5 /* Sources */ = {
			isa = PBXSourcesBuildPhase;
			buildActionMask = 2147483647;
			files = (
				A6BD94E323C5E2A7000142A5 /* PrimaryButton.swift in Sources */,
				A6BD94E123C5E269000142A5 /* NormalTextField.swift in Sources */,
				A6BD94C123C5E174000142A5 /* AppDelegate.swift in Sources */,
				A6BD94E823C5E574000142A5 /* KeyboardHandler.swift in Sources */,
				A6BD94C323C5E174000142A5 /* SceneDelegate.swift in Sources */,
				A6A76BFC23D90F91008DD1A0 /* UIResponder_Extension.swift in Sources */,
				A6BD94E923C5E574000142A5 /* KeyboardAvoider.swift in Sources */,
				A6BD94EB23C5E574000142A5 /* KeyboardAvoiderModifier.swift in Sources */,
				A6BD94C523C5E174000142A5 /* ContentView.swift in Sources */,
			);
			runOnlyForDeploymentPostprocessing = 0;
		};
/* End PBXSourcesBuildPhase section */

/* Begin PBXVariantGroup section */
		A6BD94CB23C5E176000142A5 /* LaunchScreen.storyboard */ = {
			isa = PBXVariantGroup;
			children = (
				A6BD94CC23C5E176000142A5 /* Base */,
			);
			name = LaunchScreen.storyboard;
			sourceTree = "<group>";
		};
/* End PBXVariantGroup section */

/* Begin XCBuildConfiguration section */
		A6BD94CF23C5E176000142A5 /* Debug */ = {
			isa = XCBuildConfiguration;
			buildSettings = {
				ALWAYS_SEARCH_USER_PATHS = NO;
				CLANG_ANALYZER_NONNULL = YES;
				CLANG_ANALYZER_NUMBER_OBJECT_CONVERSION = YES_AGGRESSIVE;
				CLANG_CXX_LANGUAGE_STANDARD = "gnu++14";
				CLANG_CXX_LIBRARY = "libc++";
				CLANG_ENABLE_MODULES = YES;
				CLANG_ENABLE_OBJC_ARC = YES;
				CLANG_ENABLE_OBJC_WEAK = YES;
				CLANG_WARN_BLOCK_CAPTURE_AUTORELEASING = YES;
				CLANG_WARN_BOOL_CONVERSION = YES;
				CLANG_WARN_COMMA = YES;
				CLANG_WARN_CONSTANT_CONVERSION = YES;
				CLANG_WARN_DEPRECATED_OBJC_IMPLEMENTATIONS = YES;
				CLANG_WARN_DIRECT_OBJC_ISA_USAGE = YES_ERROR;
				CLANG_WARN_DOCUMENTATION_COMMENTS = YES;
				CLANG_WARN_EMPTY_BODY = YES;
				CLANG_WARN_ENUM_CONVERSION = YES;
				CLANG_WARN_INFINITE_RECURSION = YES;
				CLANG_WARN_INT_CONVERSION = YES;
				CLANG_WARN_NON_LITERAL_NULL_CONVERSION = YES;
				CLANG_WARN_OBJC_IMPLICIT_RETAIN_SELF = YES;
				CLANG_WARN_OBJC_LITERAL_CONVERSION = YES;
				CLANG_WARN_OBJC_ROOT_CLASS = YES_ERROR;
				CLANG_WARN_RANGE_LOOP_ANALYSIS = YES;
				CLANG_WARN_STRICT_PROTOTYPES = YES;
				CLANG_WARN_SUSPICIOUS_MOVE = YES;
				CLANG_WARN_UNGUARDED_AVAILABILITY = YES_AGGRESSIVE;
				CLANG_WARN_UNREACHABLE_CODE = YES;
				CLANG_WARN__DUPLICATE_METHOD_MATCH = YES;
				COPY_PHASE_STRIP = NO;
				DEBUG_INFORMATION_FORMAT = dwarf;
				ENABLE_STRICT_OBJC_MSGSEND = YES;
				ENABLE_TESTABILITY = YES;
				GCC_C_LANGUAGE_STANDARD = gnu11;
				GCC_DYNAMIC_NO_PIC = NO;
				GCC_NO_COMMON_BLOCKS = YES;
				GCC_OPTIMIZATION_LEVEL = 0;
				GCC_PREPROCESSOR_DEFINITIONS = (
					"DEBUG=1",
					"$(inherited)",
				);
				GCC_WARN_64_TO_32_BIT_CONVERSION = YES;
				GCC_WARN_ABOUT_RETURN_TYPE = YES_ERROR;
				GCC_WARN_UNDECLARED_SELECTOR = YES;
				GCC_WARN_UNINITIALIZED_AUTOS = YES_AGGRESSIVE;
				GCC_WARN_UNUSED_FUNCTION = YES;
				GCC_WARN_UNUSED_VARIABLE = YES;
				IPHONEOS_DEPLOYMENT_TARGET = 13.2;
				MTL_ENABLE_DEBUG_INFO = INCLUDE_SOURCE;
				MTL_FAST_MATH = YES;
				ONLY_ACTIVE_ARCH = YES;
				SDKROOT = iphoneos;
				SWIFT_ACTIVE_COMPILATION_CONDITIONS = DEBUG;
				SWIFT_OPTIMIZATION_LEVEL = "-Onone";
			};
			name = Debug;
		};
		A6BD94D023C5E176000142A5 /* Release */ = {
			isa = XCBuildConfiguration;
			buildSettings = {
				ALWAYS_SEARCH_USER_PATHS = NO;
				CLANG_ANALYZER_NONNULL = YES;
				CLANG_ANALYZER_NUMBER_OBJECT_CONVERSION = YES_AGGRESSIVE;
				CLANG_CXX_LANGUAGE_STANDARD = "gnu++14";
				CLANG_CXX_LIBRARY = "libc++";
				CLANG_ENABLE_MODULES = YES;
				CLANG_ENABLE_OBJC_ARC = YES;
				CLANG_ENABLE_OBJC_WEAK = YES;
				CLANG_WARN_BLOCK_CAPTURE_AUTORELEASING = YES;
				CLANG_WARN_BOOL_CONVERSION = YES;
				CLANG_WARN_COMMA = YES;
				CLANG_WARN_CONSTANT_CONVERSION = YES;
				CLANG_WARN_DEPRECATED_OBJC_IMPLEMENTATIONS = YES;
				CLANG_WARN_DIRECT_OBJC_ISA_USAGE = YES_ERROR;
				CLANG_WARN_DOCUMENTATION_COMMENTS = YES;
				CLANG_WARN_EMPTY_BODY = YES;
				CLANG_WARN_ENUM_CONVERSION = YES;
				CLANG_WARN_INFINITE_RECURSION = YES;
				CLANG_WARN_INT_CONVERSION = YES;
				CLANG_WARN_NON_LITERAL_NULL_CONVERSION = YES;
				CLANG_WARN_OBJC_IMPLICIT_RETAIN_SELF = YES;
				CLANG_WARN_OBJC_LITERAL_CONVERSION = YES;
				CLANG_WARN_OBJC_ROOT_CLASS = YES_ERROR;
				CLANG_WARN_RANGE_LOOP_ANALYSIS = YES;
				CLANG_WARN_STRICT_PROTOTYPES = YES;
				CLANG_WARN_SUSPICIOUS_MOVE = YES;
				CLANG_WARN_UNGUARDED_AVAILABILITY = YES_AGGRESSIVE;
				CLANG_WARN_UNREACHABLE_CODE = YES;
				CLANG_WARN__DUPLICATE_METHOD_MATCH = YES;
				COPY_PHASE_STRIP = NO;
				DEBUG_INFORMATION_FORMAT = "dwarf-with-dsym";
				ENABLE_NS_ASSERTIONS = NO;
				ENABLE_STRICT_OBJC_MSGSEND = YES;
				GCC_C_LANGUAGE_STANDARD = gnu11;
				GCC_NO_COMMON_BLOCKS = YES;
				GCC_WARN_64_TO_32_BIT_CONVERSION = YES;
				GCC_WARN_ABOUT_RETURN_TYPE = YES_ERROR;
				GCC_WARN_UNDECLARED_SELECTOR = YES;
				GCC_WARN_UNINITIALIZED_AUTOS = YES_AGGRESSIVE;
				GCC_WARN_UNUSED_FUNCTION = YES;
				GCC_WARN_UNUSED_VARIABLE = YES;
				IPHONEOS_DEPLOYMENT_TARGET = 13.2;
				MTL_ENABLE_DEBUG_INFO = NO;
				MTL_FAST_MATH = YES;
				SDKROOT = iphoneos;
				SWIFT_COMPILATION_MODE = wholemodule;
				SWIFT_OPTIMIZATION_LEVEL = "-O";
				VALIDATE_PRODUCT = YES;
			};
			name = Release;
		};
		A6BD94D223C5E176000142A5 /* Debug */ = {
			isa = XCBuildConfiguration;
			buildSettings = {
				ASSETCATALOG_COMPILER_APPICON_NAME = AppIcon;
				CODE_SIGN_STYLE = Automatic;
				DEVELOPMENT_ASSET_PATHS = "\"KeyboardAvoider-Example/Preview Content\"";
				ENABLE_PREVIEWS = YES;
				INFOPLIST_FILE = "KeyboardAvoider-Example/Info.plist";
				LD_RUNPATH_SEARCH_PATHS = (
					"$(inherited)",
					"@executable_path/Frameworks",
				);
				PRODUCT_BUNDLE_IDENTIFIER = "net.iamkel.KeyboardAvoider-Example";
				PRODUCT_NAME = "$(TARGET_NAME)";
				SWIFT_VERSION = 5.0;
				TARGETED_DEVICE_FAMILY = "1,2";
			};
			name = Debug;
		};
		A6BD94D323C5E176000142A5 /* Release */ = {
			isa = XCBuildConfiguration;
			buildSettings = {
				ASSETCATALOG_COMPILER_APPICON_NAME = AppIcon;
				CODE_SIGN_STYLE = Automatic;
				DEVELOPMENT_ASSET_PATHS = "\"KeyboardAvoider-Example/Preview Content\"";
				ENABLE_PREVIEWS = YES;
				INFOPLIST_FILE = "KeyboardAvoider-Example/Info.plist";
				LD_RUNPATH_SEARCH_PATHS = (
					"$(inherited)",
					"@executable_path/Frameworks",
				);
				PRODUCT_BUNDLE_IDENTIFIER = "net.iamkel.KeyboardAvoider-Example";
				PRODUCT_NAME = "$(TARGET_NAME)";
				SWIFT_VERSION = 5.0;
				TARGETED_DEVICE_FAMILY = "1,2";
			};
			name = Release;
		};
/* End XCBuildConfiguration section */

/* Begin XCConfigurationList section */
		A6BD94B823C5E174000142A5 /* Build configuration list for PBXProject "KeyboardAvoider-Example" */ = {
			isa = XCConfigurationList;
			buildConfigurations = (
				A6BD94CF23C5E176000142A5 /* Debug */,
				A6BD94D023C5E176000142A5 /* Release */,
			);
			defaultConfigurationIsVisible = 0;
			defaultConfigurationName = Release;
		};
		A6BD94D123C5E176000142A5 /* Build configuration list for PBXNativeTarget "KeyboardAvoider-Example" */ = {
			isa = XCConfigurationList;
			buildConfigurations = (
				A6BD94D223C5E176000142A5 /* Debug */,
				A6BD94D323C5E176000142A5 /* Release */,
			);
			defaultConfigurationIsVisible = 0;
			defaultConfigurationName = Release;
		};
/* End XCConfigurationList section */
	};
	rootObject = A6BD94B523C5E174000142A5 /* Project object */;
}
